
Microsoft Visual Studio Solution File, Format Version 12.00
# Visual Studio Version 17
VisualStudioVersion = 17.9.34723.18
MinimumVisualStudioVersion = 10.0.40219.1
Project("{9A19103F-16F7-4668-BE54-9A1E7A4F7556}") = "Servicios.Api.Libreria", "Servicios.Api.Libreria\Servicios.Api.Libreria.csproj", "{29A6BEA2-78D5-44F9-B3E7-344FEF6AC5D4}"
EndProject
Project("{9A19103F-16F7-4668-BE54-9A1E7A4F7556}") = "Servicios.Api.Seguridad", "Servicios.Api.Seguridad\Servicios.Api.Seguridad.csproj", "{9BD2DB7F-6D5F-47A8-8F6E-1AE872DCA894}"
EndProject
Project("{FAE04EC0-301F-11D3-BF4B-00C04F79EFBC}") = "Servicios.Api.Gateway", "Servicios.Api.Gateway\Servicios.Api.Gateway.csproj", "{CDCF951C-F254-42D0-97CD-1178C45CC97A}"
EndProject
Global
	GlobalSection(SolutionConfigurationPlatforms) = preSolution
		Debug|Any CPU = Debug|Any CPU
		Release|Any CPU = Release|Any CPU
	EndGlobalSection
	GlobalSection(ProjectConfigurationPlatforms) = postSolution
		{29A6BEA2-78D5-44F9-B3E7-344FEF6AC5D4}.Debug|Any CPU.ActiveCfg = Debug|Any CPU
		{29A6BEA2-78D5-44F9-B3E7-344FEF6AC5D4}.Debug|Any CPU.Build.0 = Debug|Any CPU
		{29A6BEA2-78D5-44F9-B3E7-344FEF6AC5D4}.Release|Any CPU.ActiveCfg = Release|Any CPU
		{29A6BEA2-78D5-44F9-B3E7-344FEF6AC5D4}.Release|Any CPU.Build.0 = Release|Any CPU
		{9BD2DB7F-6D5F-47A8-8F6E-1AE872DCA894}.Debug|Any CPU.ActiveCfg = Debug|Any CPU
		{9BD2DB7F-6D5F-47A8-8F6E-1AE872DCA894}.Debug|Any CPU.Build.0 = Debug|Any CPU
		{9BD2DB7F-6D5F-47A8-8F6E-1AE872DCA894}.Release|Any CPU.ActiveCfg = Release|Any CPU
		{9BD2DB7F-6D5F-47A8-8F6E-1AE872DCA894}.Release|Any CPU.Build.0 = Release|Any CPU
		{CDCF951C-F254-42D0-97CD-1178C45CC97A}.Debug|Any CPU.ActiveCfg = Debug|Any CPU
		{CDCF951C-F254-42D0-97CD-1178C45CC97A}.Debug|Any CPU.Build.0 = Debug|Any CPU
		{CDCF951C-F254-42D0-97CD-1178C45CC97A}.Release|Any CPU.ActiveCfg = Release|Any CPU
		{CDCF951C-F254-42D0-97CD-1178C45CC97A}.Release|Any CPU.Build.0 = Release|Any CPU
	EndGlobalSection
	GlobalSection(SolutionProperties) = preSolution
		HideSolutionNode = FALSE
	EndGlobalSection
	GlobalSection(ExtensibilityGlobals) = postSolution
		SolutionGuid = {34735A11-8798-460A-B42E-A5A3FBD7038B}
	EndGlobalSection
EndGlobal
